github.com/aws/aws-sdk-go-v2 v1.32.3 h1:T0dRlFBKcdaUPGNtkBSwHZxrtis8CQU17UpNBZYd0wk=
github.com/aws/aws-sdk-go-v2 v1.32.3/go.mod h1:2SK5n0a2karNTv5tbP1SjsX0uhttou00v/HpXKM1ZUo=
github.com/aws/aws-sdk-go-v2/config v1.28.1 h1:oxIvOUXy8x0U3fR//0eq+RdCKimWI900+SV+10xsCBw=
github.com/aws/aws-sdk-go-v2/config v1.28.1/go.mod h1:bRQcttQJiARbd5JZxw6wG0yIK3eLeSCPdg6uqmmlIiI=
github.com/aws/aws-sdk-go-v2/credentials v1.17.42 h1:sBP0RPjBU4neGpIYyx8mkU2QqLPl5u9cmdTWVzIpHkM=
github.com/aws/aws-sdk-go-v2/credentials v1.17.42/go.mod h1:FwZBfU530dJ26rv9saAbxa9Ej3eF/AK0OAY86k13n4M=
github.com/aws/aws-sdk-go-v2/feature/ec2/imds v1.16.18 h1:68jFVtt3NulEzojFesM/WVarlFpCaXLKaBxDpzkQ9OQ=
github.com/aws/aws-sdk-go-v2/feature/ec2/imds v1.16.18/go.mod h1:Fjnn5jQVIo6VyedMc0/EhPpfNlPl7dHV916O6B+49aE=
github.com/aws/aws-sdk-go-v2/internal/configsources v1.3.22 h1:Jw50LwEkVjuVzE1NzkhNKkBf9cRN7MtE1F/b2cOKTUM=
github.com/aws/aws-sdk-go-v2/internal/configsources v1.3.22/go.mod h1:Y/SmAyPcOTmpeVaWSzSKiILfXTVJwrGmYZhcRbhWuEY=
github.com/aws/aws-sdk-go-v2/internal/endpoints/v2 v2.6.22 h1:981MHwBaRZM7+9QSR6XamDzF/o7ouUGxFzr+nVSIhrs=
github.com/aws/aws-sdk-go-v2/internal/endpoints/v2 v2.6.22/go.mod h1:1RA1+aBEfn+CAB/Mh0MB6LsdCYCnjZm7tKXtnk499ZQ=
github.com/aws/aws-sdk-go-v2/internal/ini v1.8.1 h1:VaRN3TlFdd6KxX1x3ILT5ynH6HvKgqdiXoTxAF4HQcQ=
github.com/aws/aws-sdk-go-v2/internal/ini v1.8.1/go.mod h1:FbtygfRFze9usAadmnGJNc8KsP346kEe+y2/oyhGAGc=
github.com/aws/aws-sdk-go-v2/service/internal/accept-encoding v1.12.0 h1:TToQNkvGguu209puTojY/ozlqy2d/SFNcoLIqTFi42g=
github.com/aws/aws-sdk-go-v2/service/internal/accept-encoding v1.12.0/go.mod h1:0jp+ltwkf+SwG2fm/PKo8t4y8pJSgOCO4D8Lz3k0aHQ=
github.com/aws/aws-sdk-go-v2/service/internal/presigned-url v1.12.3 h1:qcxX0JYlgWH3hpPUnd6U0ikcl6LLA9sLkXE2w1fpMvY=
github.com/aws/aws-sdk-go-v2/service/internal/presigned-url v1.12.3/go.mod h1:cLSNEmI45soc+Ef8K/L+8sEA3A3pYFEYf5B5UI+6bH4=
github.com/aws/aws-sdk-go-v2/service/secretsmanager v1.34.3 h1:CyA6J82ePPoh1Nj8ErOR2e/JRlzfFzWpGwGMFzFjwZg=
github.com/aws/aws-sdk-go-v2/service/secretsmanager v1.34.3/go.mod h1:EliITPlGcBz0FRiVl7lRLtzI1cnDybFcfLYMZedOInE=
github.com/aws/aws-sdk-go-v2/service/sso v1.24.3 h1:UTpsIf0loCIWEbrqdLb+0RxnTXfWh2vhw4nQmFi4nPc=
github.com/aws/aws-sdk-go-v2/service/sso v1.24.3/go.mod h1:FZ9j3PFHHAR+w0BSEjK955w5YD2UwB/l/H0yAK3MJvI=
github.com/aws/aws-sdk-go-v2/service/ssooidc v1.28.3 h1:2YCmIXv3tmiItw0LlYf6v7gEHebLY45kBEnPezbUKyU=
github.com/aws/aws-sdk-go-v2/service/ssooidc v1.28.3/go.mod h1:u19stRyNPxGhj6dRm+Cdgu6N75qnbW7+QN0q0dsAk58=
github.com/aws/aws-sdk-go-v2/service/sts v1.32.3 h1:wVnQ6tigGsRqSWDEEyH6lSAJ9OyFUsSnbaUWChuSGzs=
github.com/aws/aws-sdk-go-v2/service/sts v1.32.3/go.mod h1:VZa9yTFyj4o10YGsmDO4gbQJUvvhY72fhumT8W4LqsE=
github.com/aws/smithy-go v1.22.0 h1:uunKnWlcoL3zO7q+gG2Pk53joueEOsnNB28QdMsmiMM=
github.com/aws/smithy-go v1.22.0/go.mod h1:irrKGvNn1InZwb2d7fkIRNucdfwR8R+Ts3wxYa/cJHg=
github.com/benbjohnson/clock v1.1.0 h1:Q92kusRqC1XV2MjkWETPvjJVqKetz1OzxZB7mHJLju8=
github.com/benbjohnson/clock v1.1.0/go.mod h1:J11/hYXuz8f4ySSvYwY0FKfm+ezbsZBKZxNJlLklBHA=
github.com/davecgh/go-spew v1.1.1 h1:vj9j/u1bqnvCEfJOwUhtlOARqs3+rkHYY13jYWTU97c=
github.com/davecgh/go-spew v1.1.1/go.mod h1:J7Y8YcW2NihsgmVo/mv3lAwl/skON4iLHjSsI+c5H38=
github.com/go-sql-driver/mysql v1.6.0 h1:BCTh4TKNUYmOmMUcQ3IipzF5prigylS7XXjEkfCHuOE=
github.com/go-sql-driver/mysql v1.6.0/go.mod h1:DCzpHaOWr8IXmIStZouvnhqoel9Qv2LBy8hT2VhHyBg=
github.com/google/go-cmp v0.5.8 h1:e6P7q2lk1O+qJJb4BtCQXlK8vWEO8V1ZeuEdJNOqZyg=
github.com/google/go-cmp v0.5.8/go.mod h1:17dUlkBOakJ0+DkrSSNjCkIjxS6bF9zb3elmeNGIjoY=
github.com/jmoiron/sqlx v1.3.5 h1:vFFPA71p1o5gAeqtEAwLU4dnX2napprKtHr7PYIcN3g=
github.com/jmoiron/sqlx v1.3.5/go.mod h1:nRVWtLre0KfCLJvgxzCsLVMogSvQ1zNJtpYr2Ccp0mQ=
github.com/lib/pq v1.2.0 h1:LXpIM/LZ5xGFhOpXAQUIMM1HdyqzVYM13zNdjCEEcA0=
github.com/lib/pq v1.2.0/go.mod h1:5WUZQaWbwv1U+lTReE5YruASi9Al49XbQIvNi/34Woo=
github.com/mattn/go-sqlite3 v1.14.6 h1:dNPt6NO46WmLVt2DLNpwczCmdV5boIZ6g/tlDrlRUbg=
github.com/mattn/go-sqlite3 v1.14.6/go.mod h1:NyWgC/yNuGj7Q9rpYnZvas74GogHl5/Z4A/KQRfk6bU=
github.com/pkg/errors v0.8.1 h1:iURUrRGxPUNPdy5/HRSm+Yj6okJ6UtLINN0Q9M4+h3I=
github.com/pkg/errors v0.8.1/go.mod h1:bwawxfHBFNV+L2hUp1rHADufV3IMtnDRdf1r5NINEl0=
github.com/pmezard/go-difflib v1.0.0 h1:4DBwDE0NGyQoBHbLQYPwSUPoCMWR5BEzIk/f1lZbAQM=
github.com/pmezard/go-difflib v1.0.0/go.mod h1:iKH77koFhYxTK1pcRnkKkqfTogsbg7gZNVY4sRDYZ/4=
github.com/sethvargo/go-envconfig v0.9.0 h1:Q6FQ6hVEeTECULvkJZakq3dZMeBQ3JUpcKMfPQbKMDE=
github.com/sethvargo/go-envconfig v0.9.0/go.mod h1:Iz1Gy1Sf3T64TQlJSvee81qDhf7YIlt8GMUX6yyNFs0=
github.com/stretchr/testify v1.8.0 h1:pSgiaMZlXftHpm5L7V1+rVB+AZJydKsMxsQBIJw4PKk=
github.com/stretchr/testify v1.8.0/go.mod h1:yNjHg4UonilssWZ8iaSj1OCr/vHnekPRkoO+kdMU+MU=
go.uber.org/atomic v1.10.0 h1:9qC72Qh0+3MqyJbAn8YU5xVq1frD8bn3JtD2oXtafVQ=
go.uber.org/atomic v1.10.0/go.mod h1:LUxbIzbOniOlMKjJjyPfpl4v+PKK2cNJn91OQbhoJI0=
go.uber.org/goleak v1.1.11 h1:wy28qYRKZgnJTxGxvye5/wgWr1EKjmUDGYox5mGlRlI=
go.uber.org/goleak v1.1.11/go.mod h1:cwTWslyiVhfpKIDGSZEM2HlOvcqm+tG4zioyIeLoqMQ=
go.uber.org/multierr v1.9.0 h1:7fIwc/ZtS0q++VgcfqFDxSBZVv/Xo49/SYnDFupUwlI=
go.uber.org/multierr v1.9.0/go.mod h1:X2jQV1h+kxSjClGpnseKVIxpmcjrj7MNnI0bnlfKTVQ=
go.uber.org/zap v1.24.0 h1:FiJd5l1UOLj0wCgbSE0rwwXHzEdAZS6hiiSnxJN/D60=
go.uber.org/zap v1.24.0/go.mod h1:2kMP+WWQ8aoFoedH3T2sq6iJ2yDWpHbP0f6MQbS9Gkg=
golang.org/x/net v0.7.0 h1:rJrUqqhjsgNp7KqAIc25s9pZnjU7TUcSY7HcVZjdn1g=
golang.org/x/net v0.7.0/go.mod h1:2Tu9+aMcznHK/AK1HMvgo6xiTLG5rD5rZLDS+rp2Bjs=
golang.org/x/sync v0.1.0 h1:wsuoTGHzEhffawBOhz5CYhcrV4IdKZbEyZjBMuTp12o=
golang.org/x/sync v0.1.0/go.mod h1:RxMgew5VJxzue5/jJTE5uejpjVlOe/izrB70Jof72aM=
gopkg.in/yaml.v3 v3.0.1 h1:fxVm/GzAzEWqLHuvctI91KS9hhNmmWOoWu0XTYJS7CA=
gopkg.in/yaml.v3 v3.0.1/go.mod h1:K4uyk7z7BCEPqu6E+C64Yfv1cQ7kz7rIZviUmN+EgEM=
